
Microsoft Visual Studio Solution File, Format Version 12.00
# Visual Studio Version 16
VisualStudioVersion = 16.0.31129.286
MinimumVisualStudioVersion = 10.0.40219.1
Project("{8BC9CEB8-8B4A-11D0-8D11-00A0C91BC942}") = "CLR_Lab2", "CLR_Lab2\CLR_Lab2.vcxproj", "{B15E205D-7BB6-449F-A514-45098005CD41}"
EndProject
Global
	GlobalSection(SolutionConfigurationPlatforms) = preSolution
		Debug|x64 = Debug|x64
		Debug|x86 = Debug|x86
		Release|x64 = Release|x64
		Release|x86 = Release|x86
	EndGlobalSection
	GlobalSection(ProjectConfigurationPlatforms) = postSolution
		{B15E205D-7BB6-449F-A514-45098005CD41}.Debug|x64.ActiveCfg = Debug|x64
		{B15E205D-7BB6-449F-A514-45098005CD41}.Debug|x64.Build.0 = Debug|x64
		{B15E205D-7BB6-449F-A514-45098005CD41}.Debug|x86.ActiveCfg = Debug|Win32
		{B15E205D-7BB6-449F-A514-45098005CD41}.Debug|x86.Build.0 = Debug|Win32
		{B15E205D-7BB6-449F-A514-45098005CD41}.Release|x64.ActiveCfg = Release|x64
		{B15E205D-7BB6-449F-A514-45098005CD41}.Release|x64.Build.0 = Release|x64
		{B15E205D-7BB6-449F-A514-45098005CD41}.Release|x86.ActiveCfg = Release|Win32
		{B15E205D-7BB6-449F-A514-45098005CD41}.Release|x86.Build.0 = Release|Win32
	EndGlobalSection
	GlobalSection(SolutionProperties) = preSolution
		HideSolutionNode = FALSE
	EndGlobalSection
	GlobalSection(ExtensibilityGlobals) = postSolution
		SolutionGuid = {51B008C2-C953-42FB-B709-6DBC3B4EA1C6}
	EndGlobalSection
EndGlobal
